
Microsoft Visual Studio Solution File, Format Version 12.00
# Visual Studio Version 17
VisualStudioVersion = 17.13.35825.156 d17.13
MinimumVisualStudioVersion = 10.0.40219.1
Project("{FAE04EC0-301F-11D3-BF4B-00C04F79EFBC}") = "StringLibrary", "StringLibrary\StringLibrary.csproj", "{BE382EC1-E0D2-4F3A-9648-562359C1366E}"
EndProject
Project("{FAE04EC0-301F-11D3-BF4B-00C04F79EFBC}") = "StringCheckApp", "StringCheckApp\StringCheckApp.csproj", "{6A13A9C3-928A-4917-B41E-A27E24164F10}"
EndProject
Global
	GlobalSection(SolutionConfigurationPlatforms) = preSolution
		Debug|Any CPU = Debug|Any CPU
		Release|Any CPU = Release|Any CPU
	EndGlobalSection
	GlobalSection(ProjectConfigurationPlatforms) = postSolution
		{BE382EC1-E0D2-4F3A-9648-562359C1366E}.Debug|Any CPU.ActiveCfg = Debug|Any CPU
		{BE382EC1-E0D2-4F3A-9648-562359C1366E}.Debug|Any CPU.Build.0 = Debug|Any CPU
		{BE382EC1-E0D2-4F3A-9648-562359C1366E}.Release|Any CPU.ActiveCfg = Release|Any CPU
		{BE382EC1-E0D2-4F3A-9648-562359C1366E}.Release|Any CPU.Build.0 = Release|Any CPU
		{6A13A9C3-928A-4917-B41E-A27E24164F10}.Debug|Any CPU.ActiveCfg = Debug|Any CPU
		{6A13A9C3-928A-4917-B41E-A27E24164F10}.Debug|Any CPU.Build.0 = Debug|Any CPU
		{6A13A9C3-928A-4917-B41E-A27E24164F10}.Release|Any CPU.ActiveCfg = Release|Any CPU
		{6A13A9C3-928A-4917-B41E-A27E24164F10}.Release|Any CPU.Build.0 = Release|Any CPU
	EndGlobalSection
	GlobalSection(SolutionProperties) = preSolution
		HideSolutionNode = FALSE
	EndGlobalSection
	GlobalSection(ExtensibilityGlobals) = postSolution
		SolutionGuid = {06926689-0EBC-4BD0-8E82-AEB85189DA4F}
	EndGlobalSection
EndGlobal
